
Microsoft Visual Studio Solution File, Format Version 12.00
# Visual Studio 15
Project("{FAE04EC0-301F-11D3-BF4B-00C04F79EFBC}") = "Assembly-CSharp", "Assembly-CSharp.csproj", "{ED92D877-BC15-649D-4286-F419994FAF21}"
EndProject
Project("{FAE04EC0-301F-11D3-BF4B-00C04F79EFBC}") = "Assembly-CSharp-Editor", "Assembly-CSharp-Editor.csproj", "{A2DE4D1A-9784-E710-C775-A0543EBD0B13}"
EndProject
Global
	GlobalSection(SolutionConfigurationPlatforms) = preSolution
		Debug|Any CPU = Debug|Any CPU
		Release|Any CPU = Release|Any CPU
	EndGlobalSection
	GlobalSection(ProjectConfigurationPlatforms) = postSolution
		{ED92D877-BC15-649D-4286-F419994FAF21}.Debug|Any CPU.ActiveCfg = Debug|Any CPU
		{ED92D877-BC15-649D-4286-F419994FAF21}.Debug|Any CPU.Build.0 = Debug|Any CPU
		{ED92D877-BC15-649D-4286-F419994FAF21}.Release|Any CPU.ActiveCfg = Release|Any CPU
		{ED92D877-BC15-649D-4286-F419994FAF21}.Release|Any CPU.Build.0 = Release|Any CPU
		{A2DE4D1A-9784-E710-C775-A0543EBD0B13}.Debug|Any CPU.ActiveCfg = Debug|Any CPU
		{A2DE4D1A-9784-E710-C775-A0543EBD0B13}.Debug|Any CPU.Build.0 = Debug|Any CPU
		{A2DE4D1A-9784-E710-C775-A0543EBD0B13}.Release|Any CPU.ActiveCfg = Release|Any CPU
		{A2DE4D1A-9784-E710-C775-A0543EBD0B13}.Release|Any CPU.Build.0 = Release|Any CPU
	EndGlobalSection
	GlobalSection(SolutionProperties) = preSolution
		HideSolutionNode = FALSE
	EndGlobalSection
EndGlobal
